Microsoft Visual Studio Solution File, Format Version 12.00
# Visual Studio Version 16
VisualStudioVersion = 16.0.31624.102
MinimumVisualStudioVersion = 10.0.40219.1
Project("{9A19103F-16F7-4668-BE54-9A1E7A4F7556}") = "ZeroTechDefence", "LingGame\ZeroTechDefence.csproj", "{24C9C989-26A5-4C52-8C47-F4407BCE696E}"
EndProject
Global
	GlobalSection(SolutionConfigurationPlatforms) = preSolution
		Debug|Any CPU = Debug|Any CPU
		Release|Any CPU = Release|Any CPU
	EndGlobalSection
	GlobalSection(ProjectConfigurationPlatforms) = postSolution
		{24C9C989-26A5-4C52-8C47-F4407BCE696E}.Debug|Any CPU.ActiveCfg = Debug|Any CPU
		{24C9C989-26A5-4C52-8C47-F4407BCE696E}.Debug|Any CPU.Build.0 = Debug|Any CPU
		{24C9C989-26A5-4C52-8C47-F4407BCE696E}.Release|Any CPU.ActiveCfg = Release|Any CPU
		{24C9C989-26A5-4C52-8C47-F4407BCE696E}.Release|Any CPU.Build.0 = Release|Any CPU
	EndGlobalSection
	GlobalSection(SolutionProperties) = preSolution
		HideSolutionNode = FALSE
	EndGlobalSection
	GlobalSection(ExtensibilityGlobals) = postSolution
		SolutionGuid = {efea5276-b7c5-4372-98b9-834450442020}
	EndGlobalSection
EndGlobal
